// !$*UTF8*$!
{
	archiveVersion = 1;
	classes = {
	};
	objectVersion = 46;
	objects = {

/* Begin PBXBuildFile section */
		A7DBA73A1CAC2986002BE38F /* main.m in Sources */ = {isa = PBXBuildFile; fileRef = A7DBA7391CAC2986002BE38F /* main.m */; };
		A7DBA73D1CAC2986002BE38F /* AppDelegate.m in Sources */ = {isa = PBXBuildFile; fileRef = A7DBA73C1CAC2986002BE38F /* AppDelegate.m */; };
		A7DBA7431CAC2986002BE38F /* Main.storyboard in Resources */ = {isa = PBXBuildFile; fileRef = A7DBA7411CAC2986002BE38F /* Main.storyboard */; };
		A7DBA7451CAC2986002BE38F /* Assets.xcassets in Resources */ = {isa = PBXBuildFile; fileRef = A7DBA7441CAC2986002BE38F /* Assets.xcassets */; };
		A7DBA7481CAC2986002BE38F /* LaunchScreen.storyboard in Resources */ = {isa = PBXBuildFile; fileRef = A7DBA7461CAC2986002BE38F /* LaunchScreen.storyboard */; };
		A7DBA7541CAC2A55002BE38F /* ToDoTableViewController.m in Sources */ = {isa = PBXBuildFile; fileRef = A7DBA7531CAC2A55002BE38F /* ToDoTableViewController.m */; };
		A7DBA75A1CAC2B90002BE38F /* UsersTableViewController.m in Sources */ = {isa = PBXBuildFile; fileRef = A7DBA7591CAC2B90002BE38F /* UsersTableViewController.m */; };
		A7DBA75D1CAC2BB5002BE38F /* SettingsViewController.m in Sources */ = {isa = PBXBuildFile; fileRef = A7DBA75C1CAC2BB5002BE38F /* SettingsViewController.m */; };
		A7DBA7601CAC3196002BE38F /* CoreDataHandler.m in Sources */ = {isa = PBXBuildFile; fileRef = A7DBA75F1CAC3196002BE38F /* CoreDataHandler.m */; };
		A7DBA7621CAC31FB002BE38F /* CoreData.framework in Frameworks */ = {isa = PBXBuildFile; fileRef = A7DBA7611CAC31FA002BE38F /* CoreData.framework */; };
		A7DBA7651CAC376B002BE38F /* EveryDoModel.xcdatamodeld in Sources */ = {isa = PBXBuildFile; fileRef = A7DBA7631CAC376B002BE38F /* EveryDoModel.xcdatamodeld */; };
		A7DBA7B81CAC4B25002BE38F /* ToDo+CoreDataProperties.m in Sources */ = {isa = PBXBuildFile; fileRef = A7DBA7B11CAC4B25002BE38F /* ToDo+CoreDataProperties.m */; };
		A7DBA7B91CAC4B25002BE38F /* ToDo.m in Sources */ = {isa = PBXBuildFile; fileRef = A7DBA7B31CAC4B25002BE38F /* ToDo.m */; };
		A7DBA7BA1CAC4B25002BE38F /* User+CoreDataProperties.m in Sources */ = {isa = PBXBuildFile; fileRef = A7DBA7B51CAC4B25002BE38F /* User+CoreDataProperties.m */; };
		A7DBA7BB1CAC4B25002BE38F /* User.m in Sources */ = {isa = PBXBuildFile; fileRef = A7DBA7B71CAC4B25002BE38F /* User.m */; };
		A7DBA7BE1CAC5E31002BE38F /* AddToDoViewController.m in Sources */ = {isa = PBXBuildFile; fileRef = A7DBA7BD1CAC5E31002BE38F /* AddToDoViewController.m */; };
		A7DBA7C11CAC602C002BE38F /* ToDoDetailViewController.m in Sources */ = {isa = PBXBuildFile; fileRef = A7DBA7C01CAC602C002BE38F /* ToDoDetailViewController.m */; };
/* End PBXBuildFile section */

/* Begin PBXFileReference section */
		A7DBA7351CAC2986002BE38F /* W4D3EveryDoItAgain.app */ = {isa = PBXFileReference; explicitFileType = wrapper.application; includeInIndex = 0; path = W4D3EveryDoItAgain.app; sourceTree = BUILT_PRODUCTS_DIR; };
		A7DBA7391CAC2986002BE38F /* main.m */ = {isa = PBXFileReference; lastKnownFileType = sourcecode.c.objc; path = main.m; sourceTree = "<group>"; };
		A7DBA73B1CAC2986002BE38F /* AppDelegate.h */ = {isa = PBXFileReference; lastKnownFileType = sourcecode.c.h; path = AppDelegate.h; sourceTree = "<group>"; };
		A7DBA73C1CAC2986002BE38F /* AppDelegate.m */ = {isa = PBXFileReference; lastKnownFileType = sourcecode.c.objc; path = AppDelegate.m; sourceTree = "<group>"; };
		A7DBA7421CAC2986002BE38F /* Base */ = {isa = PBXFileReference; lastKnownFileType = file.storyboard; name = Base; path = Base.lproj/Main.storyboard; sourceTree = "<group>"; };
		A7DBA7441CAC2986002BE38F /* Assets.xcassets */ = {isa = PBXFileReference; lastKnownFileType = folder.assetcatalog; path = Assets.xcassets; sourceTree = "<group>"; };
		A7DBA7471CAC2986002BE38F /* Base */ = {isa = PBXFileReference; lastKnownFileType = file.storyboard; name = Base; path = Base.lproj/LaunchScreen.storyboard; sourceTree = "<group>"; };
		A7DBA7491CAC2986002BE38F /* Info.plist */ = {isa = PBXFileReference; lastKnownFileType = text.plist.xml; path = Info.plist; sourceTree = "<group>"; };
		A7DBA7521CAC2A55002BE38F /* ToDoTableViewController.h */ = {isa = PBXFileReference; fileEncoding = 4; lastKnownFileType = sourcecode.c.h; path = ToDoTableViewController.h; sourceTree = "<group>"; };
		A7DBA7531CAC2A55002BE38F /* ToDoTableViewController.m */ = {isa = PBXFileReference; fileEncoding = 4; lastKnownFileType = sourcecode.c.objc; path = ToDoTableViewController.m; sourceTree = "<group>"; };
		A7DBA7581CAC2B90002BE38F /* UsersTableViewController.h */ = {isa = PBXFileReference; fileEncoding = 4; lastKnownFileType = sourcecode.c.h; path = UsersTableViewController.h; sourceTree = "<group>"; };
		A7DBA7591CAC2B90002BE38F /* UsersTableViewController.m */ = {isa = PBXFileReference; fileEncoding = 4; lastKnownFileType = sourcecode.c.objc; path = UsersTableViewController.m; sourceTree = "<group>"; };
		A7DBA75B1CAC2BB5002BE38F /* SettingsViewController.h */ = {isa = PBXFileReference; fileEncoding = 4; lastKnownFileType = sourcecode.c.h; path = SettingsViewController.h; sourceTree = "<group>"; };
		A7DBA75C1CAC2BB5002BE38F /* SettingsViewController.m */ = {isa = PBXFileReference; fileEncoding = 4; lastKnownFileType = sourcecode.c.objc; path = SettingsViewController.m; sourceTree = "<group>"; };
		A7DBA75E1CAC3196002BE38F /* CoreDataHandler.h */ = {isa = PBXFileReference; fileEncoding = 4; lastKnownFileType = sourcecode.c.h; path = CoreDataHandler.h; sourceTree = "<group>"; };
		A7DBA75F1CAC3196002BE38F /* CoreDataHandler.m */ = {isa = PBXFileReference; fileEncoding = 4; lastKnownFileType = sourcecode.c.objc; path = CoreDataHandler.m; sourceTree = "<group>"; };
		A7DBA7611CAC31FA002BE38F /* CoreData.framework */ = {isa = PBXFileReference; lastKnownFileType = wrapper.framework; name = CoreData.framework; path = System/Library/Frameworks/CoreData.framework; sourceTree = SDKROOT; };
		A7DBA7641CAC376B002BE38F /* EveryDoModel.xcdatamodel */ = {isa = PBXFileReference; lastKnownFileType = wrapper.xcdatamodel; path = EveryDoModel.xcdatamodel; sourceTree = "<group>"; };
		A7DBA7B01CAC4B25002BE38F /* ToDo+CoreDataProperties.h */ = {isa = PBXFileReference; fileEncoding = 4; lastKnownFileType = sourcecode.c.h; path = "ToDo+CoreDataProperties.h"; sourceTree = "<group>"; };
		A7DBA7B11CAC4B25002BE38F /* ToDo+CoreDataProperties.m */ = {isa = PBXFileReference; fileEncoding = 4; lastKnownFileType = sourcecode.c.objc; path = "ToDo+CoreDataProperties.m"; sourceTree = "<group>"; };
		A7DBA7B21CAC4B25002BE38F /* ToDo.h */ = {isa = PBXFileReference; fileEncoding = 4; lastKnownFileType = sourcecode.c.h; path = ToDo.h; sourceTree = "<group>"; };
		A7DBA7B31CAC4B25002BE38F /* ToDo.m */ = {isa = PBXFileReference; fileEncoding = 4; lastKnownFileType = sourcecode.c.objc; path = ToDo.m; sourceTree = "<group>"; };
		A7DBA7B41CAC4B25002BE38F /* User+CoreDataProperties.h */ = {isa = PBXFileReference; fileEncoding = 4; lastKnownFileType = sourcecode.c.h; path = "User+CoreDataProperties.h"; sourceTree = "<group>"; };
		A7DBA7B51CAC4B25002BE38F /* User+CoreDataProperties.m */ = {isa = PBXFileReference; fileEncoding = 4; lastKnownFileType = sourcecode.c.objc; path = "User+CoreDataProperties.m"; sourceTree = "<group>"; };
		A7DBA7B61CAC4B25002BE38F /* User.h */ = {isa = PBXFileReference; fileEncoding = 4; lastKnownFileType = sourcecode.c.h; path = User.h; sourceTree = "<group>"; };
		A7DBA7B71CAC4B25002BE38F /* User.m */ = {isa = PBXFileReference; fileEncoding = 4; lastKnownFileType = sourcecode.c.objc; path = User.m; sourceTree = "<group>"; };
		A7DBA7BC1CAC5E31002BE38F /* AddToDoViewController.h */ = {isa = PBXFileReference; fileEncoding = 4; lastKnownFileType = sourcecode.c.h; path = AddToDoViewController.h; sourceTree = "<group>"; };
		A7DBA7BD1CAC5E31002BE38F /* AddToDoViewController.m */ = {isa = PBXFileReference; fileEncoding = 4; lastKnownFileType = sourcecode.c.objc; path = AddToDoViewController.m; sourceTree = "<group>"; };
		A7DBA7BF1CAC602C002BE38F /* ToDoDetailViewController.h */ = {isa = PBXFileReference; fileEncoding = 4; lastKnownFileType = sourcecode.c.h; path = ToDoDetailViewController.h; sourceTree = "<group>"; };
		A7DBA7C01CAC602C002BE38F /* ToDoDetailViewController.m */ = {isa = PBXFileReference; fileEncoding = 4; lastKnownFileType = sourcecode.c.objc; path = ToDoDetailViewController.m; sourceTree = "<group>"; };
/* End PBXFileReference section */

/* Begin PBXFrameworksBuildPhase section */
		A7DBA7321CAC2986002BE38F /* Frameworks */ = {
			isa = PBXFrameworksBuildPhase;
			buildActionMask = 2147483647;
			files = (
				A7DBA7621CAC31FB002BE38F /* CoreData.framework in Frameworks */,
			);
			runOnlyForDeploymentPostprocessing = 0;
		};
/* End PBXFrameworksBuildPhase section */

/* Begin PBXGroup section */
		A7DBA72C1CAC2986002BE38F = {
			isa = PBXGroup;
			children = (
				A7DBA7611CAC31FA002BE38F /* CoreData.framework */,
				A7DBA7371CAC2986002BE38F /* W4D3EveryDoItAgain */,
				A7DBA7361CAC2986002BE38F /* Products */,
			);
			sourceTree = "<group>";
		};
		A7DBA7361CAC2986002BE38F /* Products */ = {
			isa = PBXGroup;
			children = (
				A7DBA7351CAC2986002BE38F /* W4D3EveryDoItAgain.app */,
			);
			name = Products;
			sourceTree = "<group>";
		};
		A7DBA7371CAC2986002BE38F /* W4D3EveryDoItAgain */ = {
			isa = PBXGroup;
			children = (
				A7DBA73B1CAC2986002BE38F /* AppDelegate.h */,
				A7DBA73C1CAC2986002BE38F /* AppDelegate.m */,
				A7DBA74F1CAC2A07002BE38F /* ViewControllers */,
				A7DBA7501CAC2A16002BE38F /* CoreData */,
				A7DBA7511CAC2A21002BE38F /* Core Data Objects */,
				A7DBA7411CAC2986002BE38F /* Main.storyboard */,
				A7DBA7441CAC2986002BE38F /* Assets.xcassets */,
				A7DBA7461CAC2986002BE38F /* LaunchScreen.storyboard */,
				A7DBA7491CAC2986002BE38F /* Info.plist */,
				A7DBA7381CAC2986002BE38F /* Supporting Files */,
			);
			path = W4D3EveryDoItAgain;
			sourceTree = "<group>";
		};
		A7DBA7381CAC2986002BE38F /* Supporting Files */ = {
			isa = PBXGroup;
			children = (
				A7DBA7391CAC2986002BE38F /* main.m */,
			);
			name = "Supporting Files";
			sourceTree = "<group>";
		};
		A7DBA74F1CAC2A07002BE38F /* ViewControllers */ = {
			isa = PBXGroup;
			children = (
				A7DBA7C21CAC60EF002BE38F /* Tab 1 */,
				A7DBA7C41CAC6111002BE38F /* Tab2 */,
				A7DBA7C51CAC6115002BE38F /* Tab3 */,
			);
			name = ViewControllers;
			sourceTree = "<group>";
		};
		A7DBA7501CAC2A16002BE38F /* CoreData */ = {
			isa = PBXGroup;
			children = (
				A7DBA75E1CAC3196002BE38F /* CoreDataHandler.h */,
				A7DBA75F1CAC3196002BE38F /* CoreDataHandler.m */,
				A7DBA7631CAC376B002BE38F /* EveryDoModel.xcdatamodeld */,
			);
			name = CoreData;
			sourceTree = "<group>";
		};
		A7DBA7511CAC2A21002BE38F /* Core Data Objects */ = {
			isa = PBXGroup;
			children = (
				A7DBA7B01CAC4B25002BE38F /* ToDo+CoreDataProperties.h */,
				A7DBA7B11CAC4B25002BE38F /* ToDo+CoreDataProperties.m */,
				A7DBA7B21CAC4B25002BE38F /* ToDo.h */,
				A7DBA7B31CAC4B25002BE38F /* ToDo.m */,
				A7DBA7B41CAC4B25002BE38F /* User+CoreDataProperties.h */,
				A7DBA7B51CAC4B25002BE38F /* User+CoreDataProperties.m */,
				A7DBA7B61CAC4B25002BE38F /* User.h */,
				A7DBA7B71CAC4B25002BE38F /* User.m */,
			);
			name = "Core Data Objects";
			sourceTree = "<group>";
		};
		A7DBA7C21CAC60EF002BE38F /* Tab 1 */ = {
			isa = PBXGroup;
			children = (
				A7DBA7521CAC2A55002BE38F /* ToDoTableViewController.h */,
				A7DBA7531CAC2A55002BE38F /* ToDoTableViewController.m */,
				A7DBA7BC1CAC5E31002BE38F /* AddToDoViewController.h */,
				A7DBA7BD1CAC5E31002BE38F /* AddToDoViewController.m */,
				A7DBA7BF1CAC602C002BE38F /* ToDoDetailViewController.h */,
				A7DBA7C01CAC602C002BE38F /* ToDoDetailViewController.m */,
			);
			name = "Tab 1";
			sourceTree = "<group>";
		};
		A7DBA7C41CAC6111002BE38F /* Tab2 */ = {
			isa = PBXGroup;
			children = (
				A7DBA7581CAC2B90002BE38F /* UsersTableViewController.h */,
				A7DBA7591CAC2B90002BE38F /* UsersTableViewController.m */,
			);
			name = Tab2;
			sourceTree = "<group>";
		};
		A7DBA7C51CAC6115002BE38F /* Tab3 */ = {
			isa = PBXGroup;
			children = (
				A7DBA75B1CAC2BB5002BE38F /* SettingsViewController.h */,
				A7DBA75C1CAC2BB5002BE38F /* SettingsViewController.m */,
			);
			name = Tab3;
			sourceTree = "<group>";
		};
/* End PBXGroup section */

/* Begin PBXNativeTarget section */
		A7DBA7341CAC2986002BE38F /* W4D3EveryDoItAgain */ = {
			isa = PBXNativeTarget;
			buildConfigurationList = A7DBA74C1CAC2986002BE38F /* Build configuration list for PBXNativeTarget "W4D3EveryDoItAgain" */;
			buildPhases = (
				A7DBA7311CAC2986002BE38F /* Sources */,
				A7DBA7321CAC2986002BE38F /* Frameworks */,
				A7DBA7331CAC2986002BE38F /* Resources */,
			);
			buildRules = (
			);
			dependencies = (
			);
			name = W4D3EveryDoItAgain;
			productName = W4D3EveryDoItAgain;
			productReference = A7DBA7351CAC2986002BE38F /* W4D3EveryDoItAgain.app */;
			productType = "com.apple.product-type.application";
		};
/* End PBXNativeTarget section */

/* Begin PBXProject section */
		A7DBA72D1CAC2986002BE38F /* Project object */ = {
			isa = PBXProject;
			attributes = {
				LastUpgradeCheck = 0730;
				ORGANIZATIONNAME = AccessIT;
				TargetAttributes = {
					A7DBA7341CAC2986002BE38F = {
						CreatedOnToolsVersion = 7.3;
						DevelopmentTeam = DA62YQ6NQN;
					};
				};
			};
			buildConfigurationList = A7DBA7301CAC2986002BE38F /* Build configuration list for PBXProject "W4D3EveryDoItAgain" */;
			compatibilityVersion = "Xcode 3.2";
			developmentRegion = English;
			hasScannedForEncodings = 0;
			knownRegions = (
				en,
				Base,
			);
			mainGroup = A7DBA72C1CAC2986002BE38F;
			productRefGroup = A7DBA7361CAC2986002BE38F /* Products */;
			projectDirPath = "";
			projectRoot = "";
			targets = (
				A7DBA7341CAC2986002BE38F /* W4D3EveryDoItAgain */,
			);
		};
/* End PBXProject section */

/* Begin PBXResourcesBuildPhase section */
		A7DBA7331CAC2986002BE38F /* Resources */ = {
			isa = PBXResourcesBuildPhase;
			buildActionMask = 2147483647;
			files = (
				A7DBA7481CAC2986002BE38F /* LaunchScreen.storyboard in Resources */,
				A7DBA7451CAC2986002BE38F /* Assets.xcassets in Resources */,
				A7DBA7431CAC2986002BE38F /* Main.storyboard in Resources */,
			);
			runOnlyForDeploymentPostprocessing = 0;
		};
/* End PBXResourcesBuildPhase section */

/* Begin PBXSourcesBuildPhase section */
		A7DBA7311CAC2986002BE38F /* Sources */ = {
			isa = PBXSourcesBuildPhase;
			buildActionMask = 2147483647;
			files = (
				A7DBA7BE1CAC5E31002BE38F /* AddToDoViewController.m in Sources */,
				A7DBA7BA1CAC4B25002BE38F /* User+CoreDataProperties.m in Sources */,
				A7DBA73D1CAC2986002BE38F /* AppDelegate.m in Sources */,
				A7DBA7601CAC3196002BE38F /* CoreDataHandler.m in Sources */,
				A7DBA7651CAC376B002BE38F /* EveryDoModel.xcdatamodeld in Sources */,
				A7DBA7541CAC2A55002BE38F /* ToDoTableViewController.m in Sources */,
				A7DBA75D1CAC2BB5002BE38F /* SettingsViewController.m in Sources */,
				A7DBA7BB1CAC4B25002BE38F /* User.m in Sources */,
				A7DBA7C11CAC602C002BE38F /* ToDoDetailViewController.m in Sources */,
				A7DBA7B81CAC4B25002BE38F /* ToDo+CoreDataProperties.m in Sources */,
				A7DBA75A1CAC2B90002BE38F /* UsersTableViewController.m in Sources */,
				A7DBA73A1CAC2986002BE38F /* main.m in Sources */,
				A7DBA7B91CAC4B25002BE38F /* ToDo.m in Sources */,
			);
			runOnlyForDeploymentPostprocessing = 0;
		};
/* End PBXSourcesBuildPhase section */

/* Begin PBXVariantGroup section */
		A7DBA7411CAC2986002BE38F /* Main.storyboard */ = {
			isa = PBXVariantGroup;
			children = (
				A7DBA7421CAC2986002BE38F /* Base */,
			);
			name = Main.storyboard;
			sourceTree = "<group>";
		};
		A7DBA7461CAC2986002BE38F /* LaunchScreen.storyboard */ = {
			isa = PBXVariantGroup;
			children = (
				A7DBA7471CAC2986002BE38F /* Base */,
			);
			name = LaunchScreen.storyboard;
			sourceTree = "<group>";
		};
/* End PBXVariantGroup section */

/* Begin XCBuildConfiguration section */
		A7DBA74A1CAC2986002BE38F /* Debug */ = {
			isa = XCBuildConfiguration;
			buildSettings = {
				ALWAYS_SEARCH_USER_PATHS = NO;
				CLANG_ANALYZER_NONNULL = YES;
				CLANG_CXX_LANGUAGE_STANDARD = "gnu++0x";
				CLANG_CXX_LIBRARY = "libc++";
				CLANG_ENABLE_MODULES = YES;
				CLANG_ENABLE_OBJC_ARC = YES;
				CLANG_WARN_BOOL_CONVERSION = YES;
				CLANG_WARN_CONSTANT_CONVERSION = YES;
				CLANG_WARN_DIRECT_OBJC_ISA_USAGE = YES_ERROR;
				CLANG_WARN_EMPTY_BODY = YES;
				CLANG_WARN_ENUM_CONVERSION = YES;
				CLANG_WARN_INT_CONVERSION = YES;
				CLANG_WARN_OBJC_ROOT_CLASS = YES_ERROR;
				CLANG_WARN_UNREACHABLE_CODE = YES;
				CLANG_WARN__DUPLICATE_METHOD_MATCH = YES;
				"CODE_SIGN_IDENTITY[sdk=iphoneos*]" = "iPhone Developer";
				COPY_PHASE_STRIP = NO;
				DEBUG_INFORMATION_FORMAT = dwarf;
				ENABLE_STRICT_OBJC_MSGSEND = YES;
				ENABLE_TESTABILITY = YES;
				GCC_C_LANGUAGE_STANDARD = gnu99;
				GCC_DYNAMIC_NO_PIC = NO;
				GCC_NO_COMMON_BLOCKS = YES;
				GCC_OPTIMIZATION_LEVEL = 0;
				GCC_PREPROCESSOR_DEFINITIONS = (
					"DEBUG=1",
					"$(inherited)",
				);
				GCC_WARN_64_TO_32_BIT_CONVERSION = YES;
				GCC_WARN_ABOUT_RETURN_TYPE = YES_ERROR;
				GCC_WARN_UNDECLARED_SELECTOR = YES;
				GCC_WARN_UNINITIALIZED_AUTOS = YES_AGGRESSIVE;
				GCC_WARN_UNUSED_FUNCTION = YES;
				GCC_WARN_UNUSED_VARIABLE = YES;
				IPHONEOS_DEPLOYMENT_TARGET = 9.3;
				MTL_ENABLE_DEBUG_INFO = YES;
				ONLY_ACTIVE_ARCH = YES;
				SDKROOT = iphoneos;
				TARGETED_DEVICE_FAMILY = "1,2";
			};
			name = Debug;
		};
		A7DBA74B1CAC2986002BE38F /* Release */ = {
			isa = XCBuildConfiguration;
			buildSettings = {
				ALWAYS_SEARCH_USER_PATHS = NO;
				CLANG_ANALYZER_NONNULL = YES;
				CLANG_CXX_LANGUAGE_STANDARD = "gnu++0x";
				CLANG_CXX_LIBRARY = "libc++";
				CLANG_ENABLE_MODULES = YES;
				CLANG_ENABLE_OBJC_ARC = YES;
				CLANG_WARN_BOOL_CONVERSION = YES;
				CLANG_WARN_CONSTANT_CONVERSION = YES;
				CLANG_WARN_DIRECT_OBJC_ISA_USAGE = YES_ERROR;
				CLANG_WARN_EMPTY_BODY = YES;
				CLANG_WARN_ENUM_CONVERSION = YES;
				CLANG_WARN_INT_CONVERSION = YES;
				CLANG_WARN_OBJC_ROOT_CLASS = YES_ERROR;
				CLANG_WARN_UNREACHABLE_CODE = YES;
				CLANG_WARN__DUPLICATE_METHOD_MATCH = YES;
				"CODE_SIGN_IDENTITY[sdk=iphoneos*]" = "iPhone Developer";
				COPY_PHASE_STRIP = NO;
				DEBUG_INFORMATION_FORMAT = "dwarf-with-dsym";
				ENABLE_NS_ASSERTIONS = NO;
				ENABLE_STRICT_OBJC_MSGSEND = YES;
				GCC_C_LANGUAGE_STANDARD = gnu99;
				GCC_NO_COMMON_BLOCKS = YES;
				GCC_WARN_64_TO_32_BIT_CONVERSION = YES;
				GCC_WARN_ABOUT_RETURN_TYPE = YES_ERROR;
				GCC_WARN_UNDECLARED_SELECTOR = YES;
				GCC_WARN_UNINITIALIZED_AUTOS = YES_AGGRESSIVE;
				GCC_WARN_UNUSED_FUNCTION = YES;
				GCC_WARN_UNUSED_VARIABLE = YES;
				IPHONEOS_DEPLOYMENT_TARGET = 9.3;
				MTL_ENABLE_DEBUG_INFO = NO;
				SDKROOT = iphoneos;
				TARGETED_DEVICE_FAMILY = "1,2";
				VALIDATE_PRODUCT = YES;
			};
			name = Release;
		};
		A7DBA74D1CAC2986002BE38F /* Debug */ = {
			isa = XCBuildConfiguration;
			buildSettings = {
				ASSETCATALOG_COMPILER_APPICON_NAME = AppIcon;
				INFOPLIST_FILE = W4D3EveryDoItAgain/Info.plist;
				LD_RUNPATH_SEARCH_PATHS = "$(inherited) @executable_path/Frameworks";
				PRODUCT_BUNDLE_IDENTIFIER = access.W4D3EveryDoItAgain;
				PRODUCT_NAME = "$(TARGET_NAME)";
			};
			name = Debug;
		};
		A7DBA74E1CAC2986002BE38F /* Release */ = {
			isa = XCBuildConfiguration;
			buildSettings = {
				ASSETCATALOG_COMPILER_APPICON_NAME = AppIcon;
				INFOPLIST_FILE = W4D3EveryDoItAgain/Info.plist;
				LD_RUNPATH_SEARCH_PATHS = "$(inherited) @executable_path/Frameworks";
				PRODUCT_BUNDLE_IDENTIFIER = access.W4D3EveryDoItAgain;
				PRODUCT_NAME = "$(TARGET_NAME)";
			};
			name = Release;
		};
/* End XCBuildConfiguration section */

/* Begin XCConfigurationList section */
		A7DBA7301CAC2986002BE38F /* Build configuration list for PBXProject "W4D3EveryDoItAgain" */ = {
			isa = XCConfigurationList;
			buildConfigurations = (
				A7DBA74A1CAC2986002BE38F /* Debug */,
				A7DBA74B1CAC2986002BE38F /* Release */,
			);
			defaultConfigurationIsVisible = 0;
			defaultConfigurationName = Release;
		};
		A7DBA74C1CAC2986002BE38F /* Build configuration list for PBXNativeTarget "W4D3EveryDoItAgain" */ = {
			isa = XCConfigurationList;
			buildConfigurations = (
				A7DBA74D1CAC2986002BE38F /* Debug */,
				A7DBA74E1CAC2986002BE38F /* Release */,
			);
			defaultConfigurationIsVisible = 0;
		};
/* End XCConfigurationList section */

/* Begin XCVersionGroup section */
		A7DBA7631CAC376B002BE38F /* EveryDoModel.xcdatamodeld */ = {
			isa = XCVersionGroup;
			children = (
				A7DBA7641CAC376B002BE38F /* EveryDoModel.xcdatamodel */,
			);
			currentVersion = A7DBA7641CAC376B002BE38F /* EveryDoModel.xcdatamodel */;
			path = EveryDoModel.xcdatamodeld;
			sourceTree = "<group>";
			versionGroupType = wrapper.xcdatamodel;
		};
/* End XCVersionGroup section */
	};
	rootObject = A7DBA72D1CAC2986002BE38F /* Project object */;
}
